github.com/di-wu/scim-filter-parser v0.0.0-20190602150935-cdaa38509d09 h1:GYqnpcuwqmben6WKAmtUI9yayGoZf1RnqDzLkbLLuKc=
github.com/di-wu/scim-filter-parser v0.0.0-20190602150935-cdaa38509d09/go.mod h1:Q9X8NLzgdqI3Z0XcbiPpdAEql664lC6ExBN7B6ZLhco=
github.com/di-wu/xsd-datetime v0.0.0-20190813080539-55a8ba70aa69 h1:KlIk21PbvrYUBb2Dv2gsd4VZjYviGgevIadTj9ebExU=
github.com/di-wu/xsd-datetime v0.0.0-20190813080539-55a8ba70aa69/go.mod h1:i3iEhrP3WchwseOBeIdW/zxeoleXTOzx1WyDXgdmOww=
