github.com/q-uint/parser v0.3.1 h1:VCHob90UXy0L5oMgny5EjbDC2YeEGNc6qahWa8+tUhQ=
github.com/q-uint/parser v0.3.1/go.mod h1:+Ds4ucT1DM1SwDpzgz7glN+rnrzxMAXgiYpt4aRUUY8=
github.com/q-uint/xsd-datetime v1.0.0 h1:D2LCjbiDGeh121e1EH0XdOMPjDs/mmSq9yurbIYNWYY=
github.com/q-uint/xsd-datetime v1.0.0/go.mod h1:ZiZOJFx47KCuqNEe7bFIZlmDAFw4qLNcpJm8Dr8sQ+s=
github.com/scim2/filter-parser/v2 v2.3.1 h1:o24v+z9drjtWoF6XLtXOFWpkmo1GGfBKZqrAjy6npQM=
github.com/scim2/filter-parser/v2 v2.3.1/go.mod h1:R5u/HUG8vO+TVvtmBzUX2LSuEej27v+ckcJqjIa4d8E=
