github.com/di-wu/xsd-datetime v1.0.0 h1:vZoGNkbzpBNoc+JyfVLEbutNDNydYV8XwHeV7eUJoxI=
github.com/di-wu/xsd-datetime v1.0.0/go.mod h1:i3iEhrP3WchwseOBeIdW/zxeoleXTOzx1WyDXgdmOww=
github.com/scim2/filter-parser v1.0.0 h1:cZsIcTt2wj/pv75WyO65usXfOqbU5z4zOwzPgMS89wc=
github.com/scim2/filter-parser v1.0.0/go.mod h1:ybpX+9rf7wMUVX53VD5V0NT3jhCpJEAC4bJruwAmwVM=
